// !$*UTF8*$!
{
	archiveVersion = 1;
	classes = {
	};
	objectVersion = 46;
	objects = {

/* Begin PBXBuildFile section */
		4528CFF12243D05900F4F93B /* GoogleAppMeasurement.framework in Frameworks */ = {isa = PBXBuildFile; fileRef = 4528CFF02243D05900F4F93B /* GoogleAppMeasurement.framework */; };
		4528CFF32243D05900F4F93B /* GoogleMobileAds.framework in Frameworks */ = {isa = PBXBuildFile; fileRef = 4528CFF22243D05900F4F93B /* GoogleMobileAds.framework */; };
		4528CFF52243D05900F4F93B /* GoogleUtilities.framework in Frameworks */ = {isa = PBXBuildFile; fileRef = 4528CFF42243D05900F4F93B /* GoogleUtilities.framework */; };
		4528CFF72243D05900F4F93B /* nanopb.framework in Frameworks */ = {isa = PBXBuildFile; fileRef = 4528CFF62243D05900F4F93B /* nanopb.framework */; };
		4528D0082243D7B600F4F93B /* GoogleUtilities.framework in Frameworks */ = {isa = PBXBuildFile; fileRef = 4528D0072243D7B600F4F93B /* GoogleUtilities.framework */; };
		4528D00A2243D8C500F4F93B /* AdColony.framework in Frameworks */ = {isa = PBXBuildFile; fileRef = 4528D0092243D8C500F4F93B /* AdColony.framework */; };
		4528D00C2243D8D500F4F93B /* AdColonyAdapter.framework in Frameworks */ = {isa = PBXBuildFile; fileRef = 4528D00B2243D8D500F4F93B /* AdColonyAdapter.framework */; };
		48229F65DC7C0724955DC0BC /* Pods_RewardedVideoExample.framework in Frameworks */ = {isa = PBXBuildFile; fileRef = 69B0DBE7BC0CA75849EB133A /* Pods_RewardedVideoExample.framework */; };
		849326B61B066A7F00863759 /* AppDelegate.swift in Sources */ = {isa = PBXBuildFile; fileRef = 849326B51B066A7F00863759 /* AppDelegate.swift */; };
		849326B81B066A7F00863759 /* ViewController.swift in Sources */ = {isa = PBXBuildFile; fileRef = 849326B71B066A7F00863759 /* ViewController.swift */; };
		849326BB1B066A7F00863759 /* Main.storyboard in Resources */ = {isa = PBXBuildFile; fileRef = 849326B91B066A7F00863759 /* Main.storyboard */; };
		849326BD1B066A7F00863759 /* Images.xcassets in Resources */ = {isa = PBXBuildFile; fileRef = 849326BC1B066A7F00863759 /* Images.xcassets */; };
		849326C01B066A7F00863759 /* LaunchScreen.xib in Resources */ = {isa = PBXBuildFile; fileRef = 849326BE1B066A7F00863759 /* LaunchScreen.xib */; };
/* End PBXBuildFile section */

/* Begin PBXFileReference section */
		2DD572EE28C4C0DC15E8EE3A /* Pods-RewardedVideoExample.debug.xcconfig */ = {isa = PBXFileReference; includeInIndex = 1; lastKnownFileType = text.xcconfig; name = "Pods-RewardedVideoExample.debug.xcconfig"; path = "Target Support Files/Pods-RewardedVideoExample/Pods-RewardedVideoExample.debug.xcconfig"; sourceTree = "<group>"; };
		4528CFF02243D05900F4F93B /* GoogleAppMeasurement.framework */ = {isa = PBXFileReference; lastKnownFileType = wrapper.framework; name = GoogleAppMeasurement.framework; path = "../iosdownload/GoogleMobileAdsSdkiOS-7.42.0/GoogleAppMeasurement.framework"; sourceTree = "<group>"; };
		4528CFF22243D05900F4F93B /* GoogleMobileAds.framework */ = {isa = PBXFileReference; lastKnownFileType = wrapper.framework; name = GoogleMobileAds.framework; path = "../iosdownload/GoogleMobileAdsSdkiOS-7.42.0/GoogleMobileAds.framework"; sourceTree = "<group>"; };
		4528CFF42243D05900F4F93B /* GoogleUtilities.framework */ = {isa = PBXFileReference; lastKnownFileType = wrapper.framework; name = GoogleUtilities.framework; path = "../iosdownload/GoogleMobileAdsSdkiOS-7.42.0/GoogleUtilities.framework"; sourceTree = "<group>"; };
		4528CFF62243D05900F4F93B /* nanopb.framework */ = {isa = PBXFileReference; lastKnownFileType = wrapper.framework; name = nanopb.framework; path = "../iosdownload/GoogleMobileAdsSdkiOS-7.42.0/nanopb.framework"; sourceTree = "<group>"; };
		4528CFF82243D0F300F4F93B /* GoogleAppMeasurement.framework */ = {isa = PBXFileReference; lastKnownFileType = wrapper.framework; path = GoogleAppMeasurement.framework; sourceTree = "<group>"; };
		4528CFF92243D0F400F4F93B /* GoogleUtilities.framework */ = {isa = PBXFileReference; lastKnownFileType = wrapper.framework; path = GoogleUtilities.framework; sourceTree = "<group>"; };
		4528CFFA2243D0F400F4F93B /* nanopb.framework */ = {isa = PBXFileReference; lastKnownFileType = wrapper.framework; path = nanopb.framework; sourceTree = "<group>"; };
		4528CFFB2243D0F400F4F93B /* GoogleMobileAds.framework */ = {isa = PBXFileReference; lastKnownFileType = wrapper.framework; path = GoogleMobileAds.framework; sourceTree = "<group>"; };
		4528D0022243D74100F4F93B /* GoogleAppMeasurement.framework */ = {isa = PBXFileReference; lastKnownFileType = wrapper.framework; name = GoogleAppMeasurement.framework; path = Pods/GoogleAppMeasurement/Frameworks/GoogleAppMeasurement.framework; sourceTree = "<group>"; };
		4528D0072243D7B600F4F93B /* GoogleUtilities.framework */ = {isa = PBXFileReference; lastKnownFileType = wrapper.framework; path = GoogleUtilities.framework; sourceTree = "<group>"; };
		4528D0092243D8C500F4F93B /* AdColony.framework */ = {isa = PBXFileReference; lastKnownFileType = wrapper.framework; name = AdColony.framework; path = Pods/AdColony/AdColony.framework; sourceTree = "<group>"; };
		4528D00B2243D8D500F4F93B /* AdColonyAdapter.framework */ = {isa = PBXFileReference; lastKnownFileType = wrapper.framework; name = AdColonyAdapter.framework; path = "Pods/GoogleMobileAdsMediationAdColony/AdColonyAdapter-3.3.6.1/AdColonyAdapter.framework"; sourceTree = "<group>"; };
		4CA4D8D102893197AB1355A1 /* Pods-RewardedVideoExample.release.xcconfig */ = {isa = PBXFileReference; includeInIndex = 1; lastKnownFileType = text.xcconfig; name = "Pods-RewardedVideoExample.release.xcconfig"; path = "Target Support Files/Pods-RewardedVideoExample/Pods-RewardedVideoExample.release.xcconfig"; sourceTree = "<group>"; };
		69B0DBE7BC0CA75849EB133A /* Pods_RewardedVideoExample.framework */ = {isa = PBXFileReference; explicitFileType = wrapper.framework; includeInIndex = 0; path = Pods_RewardedVideoExample.framework; sourceTree = BUILT_PRODUCTS_DIR; };
		849326B01B066A7F00863759 /* RewardedVideoExample.app */ = {isa = PBXFileReference; explicitFileType = wrapper.application; includeInIndex = 0; path = RewardedVideoExample.app; sourceTree = BUILT_PRODUCTS_DIR; };
		849326B41B066A7F00863759 /* Info.plist */ = {isa = PBXFileReference; lastKnownFileType = text.plist.xml; path = Info.plist; sourceTree = "<group>"; };
		849326B51B066A7F00863759 /* AppDelegate.swift */ = {isa = PBXFileReference; lastKnownFileType = sourcecode.swift; path = AppDelegate.swift; sourceTree = "<group>"; };
		849326B71B066A7F00863759 /* ViewController.swift */ = {isa = PBXFileReference; lastKnownFileType = sourcecode.swift; path = ViewController.swift; sourceTree = "<group>"; };
		849326BA1B066A7F00863759 /* Base */ = {isa = PBXFileReference; lastKnownFileType = file.storyboard; name = Base; path = Base.lproj/Main.storyboard; sourceTree = "<group>"; };
		849326BC1B066A7F00863759 /* Images.xcassets */ = {isa = PBXFileReference; lastKnownFileType = folder.assetcatalog; path = Images.xcassets; sourceTree = "<group>"; };
		849326BF1B066A7F00863759 /* Base */ = {isa = PBXFileReference; lastKnownFileType = file.xib; name = Base; path = Base.lproj/LaunchScreen.xib; sourceTree = "<group>"; };
/* End PBXFileReference section */

/* Begin PBXFrameworksBuildPhase section */
		849326AD1B066A7E00863759 /* Frameworks */ = {
			isa = PBXFrameworksBuildPhase;
			buildActionMask = 2147483647;
			files = (
				4528D0082243D7B600F4F93B /* GoogleUtilities.framework in Frameworks */,
				4528CFF12243D05900F4F93B /* GoogleAppMeasurement.framework in Frameworks */,
				4528D00A2243D8C500F4F93B /* AdColony.framework in Frameworks */,
				4528CFF32243D05900F4F93B /* GoogleMobileAds.framework in Frameworks */,
				4528CFF52243D05900F4F93B /* GoogleUtilities.framework in Frameworks */,
				4528CFF72243D05900F4F93B /* nanopb.framework in Frameworks */,
				48229F65DC7C0724955DC0BC /* Pods_RewardedVideoExample.framework in Frameworks */,
				4528D00C2243D8D500F4F93B /* AdColonyAdapter.framework in Frameworks */,
			);
			runOnlyForDeploymentPostprocessing = 0;
		};
/* End PBXFrameworksBuildPhase section */

/* Begin PBXGroup section */
		21F02E207965DCF97647B3D6 /* Pods */ = {
			isa = PBXGroup;
			children = (
				2DD572EE28C4C0DC15E8EE3A /* Pods-RewardedVideoExample.debug.xcconfig */,
				4CA4D8D102893197AB1355A1 /* Pods-RewardedVideoExample.release.xcconfig */,
			);
			path = Pods;
			sourceTree = "<group>";
		};
		4528CFEF2243D05900F4F93B /* Frameworks */ = {
			isa = PBXGroup;
			children = (
				4528CFF02243D05900F4F93B /* GoogleAppMeasurement.framework */,
				4528D0022243D74100F4F93B /* GoogleAppMeasurement.framework */,
				4528CFF22243D05900F4F93B /* GoogleMobileAds.framework */,
				4528CFF42243D05900F4F93B /* GoogleUtilities.framework */,
				4528CFF62243D05900F4F93B /* nanopb.framework */,
				69B0DBE7BC0CA75849EB133A /* Pods_RewardedVideoExample.framework */,
			);
			name = Frameworks;
			sourceTree = "<group>";
		};
		849326A71B066A7E00863759 = {
			isa = PBXGroup;
			children = (
				4528D00B2243D8D500F4F93B /* AdColonyAdapter.framework */,
				4528D0092243D8C500F4F93B /* AdColony.framework */,
				4528D0072243D7B600F4F93B /* GoogleUtilities.framework */,
				4528CFF82243D0F300F4F93B /* GoogleAppMeasurement.framework */,
				4528CFFB2243D0F400F4F93B /* GoogleMobileAds.framework */,
				4528CFF92243D0F400F4F93B /* GoogleUtilities.framework */,
				4528CFFA2243D0F400F4F93B /* nanopb.framework */,
				849326B21B066A7F00863759 /* RewardedVideoExample */,
				849326B11B066A7F00863759 /* Products */,
				4528CFEF2243D05900F4F93B /* Frameworks */,
				21F02E207965DCF97647B3D6 /* Pods */,
			);
			sourceTree = "<group>";
		};
		849326B11B066A7F00863759 /* Products */ = {
			isa = PBXGroup;
			children = (
				849326B01B066A7F00863759 /* RewardedVideoExample.app */,
			);
			name = Products;
			sourceTree = "<group>";
		};
		849326B21B066A7F00863759 /* RewardedVideoExample */ = {
			isa = PBXGroup;
			children = (
				849326B51B066A7F00863759 /* AppDelegate.swift */,
				849326B71B066A7F00863759 /* ViewController.swift */,
				849326B91B066A7F00863759 /* Main.storyboard */,
				849326BC1B066A7F00863759 /* Images.xcassets */,
				849326BE1B066A7F00863759 /* LaunchScreen.xib */,
				849326B31B066A7F00863759 /* Supporting Files */,
			);
			path = RewardedVideoExample;
			sourceTree = "<group>";
		};
		849326B31B066A7F00863759 /* Supporting Files */ = {
			isa = PBXGroup;
			children = (
				849326B41B066A7F00863759 /* Info.plist */,
			);
			name = "Supporting Files";
			sourceTree = "<group>";
		};
/* End PBXGroup section */

/* Begin PBXNativeTarget section */
		849326AF1B066A7E00863759 /* RewardedVideoExample */ = {
			isa = PBXNativeTarget;
			buildConfigurationList = 849326CF1B066A7F00863759 /* Build configuration list for PBXNativeTarget "RewardedVideoExample" */;
			buildPhases = (
				6E0BFFFE9EEDA2E493CFC400 /* [CP] Check Pods Manifest.lock */,
				849326AC1B066A7E00863759 /* Sources */,
				849326AD1B066A7E00863759 /* Frameworks */,
				849326AE1B066A7E00863759 /* Resources */,
			);
			buildRules = (
			);
			dependencies = (
			);
			name = RewardedVideoExample;
			productName = RewardedVideoExample;
			productReference = 849326B01B066A7F00863759 /* RewardedVideoExample.app */;
			productType = "com.apple.product-type.application";
		};
/* End PBXNativeTarget section */

/* Begin PBXProject section */
		849326A81B066A7E00863759 /* Project object */ = {
			isa = PBXProject;
			attributes = {
				LastSwiftMigration = 0700;
				LastSwiftUpdateCheck = 0700;
				LastUpgradeCheck = 0800;
				ORGANIZATIONNAME = Google;
				TargetAttributes = {
					849326AF1B066A7E00863759 = {
						CreatedOnToolsVersion = 6.2;
						LastSwiftMigration = 0900;
					};
				};
			};
			buildConfigurationList = 849326AB1B066A7E00863759 /* Build configuration list for PBXProject "RewardedVideoExample" */;
			compatibilityVersion = "Xcode 3.2";
			developmentRegion = English;
			hasScannedForEncodings = 0;
			knownRegions = (
				en,
				Base,
			);
			mainGroup = 849326A71B066A7E00863759;
			productRefGroup = 849326B11B066A7F00863759 /* Products */;
			projectDirPath = "";
			projectRoot = "";
			targets = (
				849326AF1B066A7E00863759 /* RewardedVideoExample */,
			);
		};
/* End PBXProject section */

/* Begin PBXResourcesBuildPhase section */
		849326AE1B066A7E00863759 /* Resources */ = {
			isa = PBXResourcesBuildPhase;
			buildActionMask = 2147483647;
			files = (
				849326BB1B066A7F00863759 /* Main.storyboard in Resources */,
				849326C01B066A7F00863759 /* LaunchScreen.xib in Resources */,
				849326BD1B066A7F00863759 /* Images.xcassets in Resources */,
			);
			runOnlyForDeploymentPostprocessing = 0;
		};
/* End PBXResourcesBuildPhase section */

/* Begin PBXShellScriptBuildPhase section */
		6E0BFFFE9EEDA2E493CFC400 /* [CP] Check Pods Manifest.lock */ = {
			isa = PBXShellScriptBuildPhase;
			buildActionMask = 2147483647;
			files = (
			);
			inputFileListPaths = (
			);
			inputPaths = (
				"${PODS_PODFILE_DIR_PATH}/Podfile.lock",
				"${PODS_ROOT}/Manifest.lock",
			);
			name = "[CP] Check Pods Manifest.lock";
			outputFileListPaths = (
			);
			outputPaths = (
				"$(DERIVED_FILE_DIR)/Pods-RewardedVideoExample-checkManifestLockResult.txt",
			);
			runOnlyForDeploymentPostprocessing = 0;
			shellPath = /bin/sh;
			shellScript = "diff \"${PODS_PODFILE_DIR_PATH}/Podfile.lock\" \"${PODS_ROOT}/Manifest.lock\" > /dev/null\nif [ $? != 0 ] ; then\n    # print error to STDERR\n    echo \"error: The sandbox is not in sync with the Podfile.lock. Run 'pod install' or update your CocoaPods installation.\" >&2\n    exit 1\nfi\n# This output is used by Xcode 'outputs' to avoid re-running this script phase.\necho \"SUCCESS\" > \"${SCRIPT_OUTPUT_FILE_0}\"\n";
			showEnvVarsInLog = 0;
		};
/* End PBXShellScriptBuildPhase section */

/* Begin PBXSourcesBuildPhase section */
		849326AC1B066A7E00863759 /* Sources */ = {
			isa = PBXSourcesBuildPhase;
			buildActionMask = 2147483647;
			files = (
				849326B81B066A7F00863759 /* ViewController.swift in Sources */,
				849326B61B066A7F00863759 /* AppDelegate.swift in Sources */,
			);
			runOnlyForDeploymentPostprocessing = 0;
		};
/* End PBXSourcesBuildPhase section */

/* Begin PBXVariantGroup section */
		849326B91B066A7F00863759 /* Main.storyboard */ = {
			isa = PBXVariantGroup;
			children = (
				849326BA1B066A7F00863759 /* Base */,
			);
			name = Main.storyboard;
			sourceTree = "<group>";
		};
		849326BE1B066A7F00863759 /* LaunchScreen.xib */ = {
			isa = PBXVariantGroup;
			children = (
				849326BF1B066A7F00863759 /* Base */,
			);
			name = LaunchScreen.xib;
			sourceTree = "<group>";
		};
/* End PBXVariantGroup section */

/* Begin XCBuildConfiguration section */
		849326CD1B066A7F00863759 /* Debug */ = {
			isa = XCBuildConfiguration;
			buildSettings = {
				ALWAYS_SEARCH_USER_PATHS = NO;
				CLANG_CXX_LANGUAGE_STANDARD = "gnu++0x";
				CLANG_CXX_LIBRARY = "libc++";
				CLANG_ENABLE_MODULES = YES;
				CLANG_ENABLE_OBJC_ARC = YES;
				CLANG_WARN_BOOL_CONVERSION = YES;
				CLANG_WARN_CONSTANT_CONVERSION = YES;
				CLANG_WARN_DIRECT_OBJC_ISA_USAGE = YES_ERROR;
				CLANG_WARN_EMPTY_BODY = YES;
				CLANG_WARN_ENUM_CONVERSION = YES;
				CLANG_WARN_INFINITE_RECURSION = YES;
				CLANG_WARN_INT_CONVERSION = YES;
				CLANG_WARN_OBJC_ROOT_CLASS = YES_ERROR;
				CLANG_WARN_SUSPICIOUS_MOVE = YES;
				CLANG_WARN_UNREACHABLE_CODE = YES;
				CLANG_WARN__DUPLICATE_METHOD_MATCH = YES;
				"CODE_SIGN_IDENTITY[sdk=iphoneos*]" = "iPhone Developer";
				COPY_PHASE_STRIP = NO;
				ENABLE_BITCODE = YES;
				ENABLE_STRICT_OBJC_MSGSEND = YES;
				ENABLE_TESTABILITY = YES;
				GCC_C_LANGUAGE_STANDARD = gnu99;
				GCC_DYNAMIC_NO_PIC = NO;
				GCC_NO_COMMON_BLOCKS = YES;
				GCC_OPTIMIZATION_LEVEL = 0;
				GCC_PREPROCESSOR_DEFINITIONS = (
					"DEBUG=1",
					"$(inherited)",
				);
				GCC_SYMBOLS_PRIVATE_EXTERN = NO;
				GCC_WARN_64_TO_32_BIT_CONVERSION = YES;
				GCC_WARN_ABOUT_RETURN_TYPE = YES_ERROR;
				GCC_WARN_UNDECLARED_SELECTOR = YES;
				GCC_WARN_UNINITIALIZED_AUTOS = YES_AGGRESSIVE;
				GCC_WARN_UNUSED_FUNCTION = YES;
				GCC_WARN_UNUSED_VARIABLE = YES;
				IPHONEOS_DEPLOYMENT_TARGET = 8.0;
				MTL_ENABLE_DEBUG_INFO = YES;
				ONLY_ACTIVE_ARCH = YES;
				SDKROOT = iphoneos;
				SWIFT_OPTIMIZATION_LEVEL = "-Onone";
				SWIFT_VERSION = 3.0.1;
				TARGETED_DEVICE_FAMILY = "1,2";
			};
			name = Debug;
		};
		849326CE1B066A7F00863759 /* Release */ = {
			isa = XCBuildConfiguration;
			buildSettings = {
				ALWAYS_SEARCH_USER_PATHS = NO;
				CLANG_CXX_LANGUAGE_STANDARD = "gnu++0x";
				CLANG_CXX_LIBRARY = "libc++";
				CLANG_ENABLE_MODULES = YES;
				CLANG_ENABLE_OBJC_ARC = YES;
				CLANG_WARN_BOOL_CONVERSION = YES;
				CLANG_WARN_CONSTANT_CONVERSION = YES;
				CLANG_WARN_DIRECT_OBJC_ISA_USAGE = YES_ERROR;
				CLANG_WARN_EMPTY_BODY = YES;
				CLANG_WARN_ENUM_CONVERSION = YES;
				CLANG_WARN_INFINITE_RECURSION = YES;
				CLANG_WARN_INT_CONVERSION = YES;
				CLANG_WARN_OBJC_ROOT_CLASS = YES_ERROR;
				CLANG_WARN_SUSPICIOUS_MOVE = YES;
				CLANG_WARN_UNREACHABLE_CODE = YES;
				CLANG_WARN__DUPLICATE_METHOD_MATCH = YES;
				"CODE_SIGN_IDENTITY[sdk=iphoneos*]" = "iPhone Developer";
				COPY_PHASE_STRIP = NO;
				ENABLE_BITCODE = YES;
				ENABLE_NS_ASSERTIONS = NO;
				ENABLE_STRICT_OBJC_MSGSEND = YES;
				GCC_C_LANGUAGE_STANDARD = gnu99;
				GCC_NO_COMMON_BLOCKS = YES;
				GCC_WARN_64_TO_32_BIT_CONVERSION = YES;
				GCC_WARN_ABOUT_RETURN_TYPE = YES_ERROR;
				GCC_WARN_UNDECLARED_SELECTOR = YES;
				GCC_WARN_UNINITIALIZED_AUTOS = YES_AGGRESSIVE;
				GCC_WARN_UNUSED_FUNCTION = YES;
				GCC_WARN_UNUSED_VARIABLE = YES;
				IPHONEOS_DEPLOYMENT_TARGET = 8.0;
				MTL_ENABLE_DEBUG_INFO = NO;
				SDKROOT = iphoneos;
				SWIFT_OPTIMIZATION_LEVEL = "-Owholemodule";
				SWIFT_VERSION = 3.0.1;
				TARGETED_DEVICE_FAMILY = "1,2";
				VALIDATE_PRODUCT = YES;
			};
			name = Release;
		};
		849326D01B066A7F00863759 /* Debug */ = {
			isa = XCBuildConfiguration;
			baseConfigurationReference = 2DD572EE28C4C0DC15E8EE3A /* Pods-RewardedVideoExample.debug.xcconfig */;
			buildSettings = {
				ASSETCATALOG_COMPILER_APPICON_NAME = AppIcon;
				FRAMEWORK_SEARCH_PATHS = (
					"$(inherited)",
					"$(PROJECT_DIR)/Pods/GoogleAppMeasurement/Frameworks",
					"$(PROJECT_DIR)",
					"$(PROJECT_DIR)/Pods/AdColony",
					"$(PROJECT_DIR)/Pods/GoogleMobileAdsMediationAdColony/AdColonyAdapter-3.3.6.1",
				);
				INFOPLIST_FILE = RewardedVideoExample/Info.plist;
				IPHONEOS_DEPLOYMENT_TARGET = 12.0;
				LD_RUNPATH_SEARCH_PATHS = "$(inherited) @executable_path/Frameworks";
				"OTHER_LDFLAGS[arch=*]" = "-ObjC";
				PRODUCT_BUNDLE_IDENTIFIER = com.google.ads.RewardedVideoExample;
				PRODUCT_NAME = RewardedVideoExample;
				SWIFT_SWIFT3_OBJC_INFERENCE = Default;
				SWIFT_VERSION = 3.0;
			};
			name = Debug;
		};
		849326D11B066A7F00863759 /* Release */ = {
			isa = XCBuildConfiguration;
			baseConfigurationReference = 4CA4D8D102893197AB1355A1 /* Pods-RewardedVideoExample.release.xcconfig */;
			buildSettings = {
				ASSETCATALOG_COMPILER_APPICON_NAME = AppIcon;
				FRAMEWORK_SEARCH_PATHS = (
					"$(inherited)",
					"$(PROJECT_DIR)/Pods/GoogleAppMeasurement/Frameworks",
					"$(PROJECT_DIR)",
					"$(PROJECT_DIR)/Pods/AdColony",
					"$(PROJECT_DIR)/Pods/GoogleMobileAdsMediationAdColony/AdColonyAdapter-3.3.6.1",
				);
				INFOPLIST_FILE = RewardedVideoExample/Info.plist;
				IPHONEOS_DEPLOYMENT_TARGET = 12.0;
				LD_RUNPATH_SEARCH_PATHS = "$(inherited) @executable_path/Frameworks";
				"OTHER_LDFLAGS[arch=*]" = "-ObjC";
				PRODUCT_BUNDLE_IDENTIFIER = com.google.ads.RewardedVideoExample;
				PRODUCT_NAME = RewardedVideoExample;
				SWIFT_SWIFT3_OBJC_INFERENCE = Default;
				SWIFT_VERSION = 3.0;
			};
			name = Release;
		};
/* End XCBuildConfiguration section */

/* Begin XCConfigurationList section */
		849326AB1B066A7E00863759 /* Build configuration list for PBXProject "RewardedVideoExample" */ = {
			isa = XCConfigurationList;
			buildConfigurations = (
				849326CD1B066A7F00863759 /* Debug */,
				849326CE1B066A7F00863759 /* Release */,
			);
			defaultConfigurationIsVisible = 0;
			defaultConfigurationName = Release;
		};
		849326CF1B066A7F00863759 /* Build configuration list for PBXNativeTarget "RewardedVideoExample" */ = {
			isa = XCConfigurationList;
			buildConfigurations = (
				849326D01B066A7F00863759 /* Debug */,
				849326D11B066A7F00863759 /* Release */,
			);
			defaultConfigurationIsVisible = 0;
			defaultConfigurationName = Release;
		};
/* End XCConfigurationList section */
	};
	rootObject = 849326A81B066A7E00863759 /* Project object */;
}
