PODS:
  - Google-Mobile-Ads-SDK-EAP (7.42.0)

DEPENDENCIES:
  - Google-Mobile-Ads-SDK-EAP (from `Google-Mobile-Ads-SDK-EAP.podspec.json`)

EXTERNAL SOURCES:
  Google-Mobile-Ads-SDK-EAP:
    :podspec: Google-Mobile-Ads-SDK-EAP.podspec.json

SPEC CHECKSUMS:
  Google-Mobile-Ads-SDK-EAP: 1f926bfeea729cab0be91509f419dab9fdb1cd45

PODFILE CHECKSUM: 4d2761e82c427e992f0fa0c371d5aa409f1a40c4

COCOAPODS: 1.6.1
